%{
  "broadway": {:hex, :broadway, "1.0.3", "04014322955d46c97d0608dbac2a76522d8a558245422fb6b3a6157ff7a0e36c", [:mix], [{:gen_stage, "~> 1.0", [hex: :gen_stage, repo: "hexpm", optional: false]}, {:nimble_options, "~> 0.3.7 or ~> 0.4.0", [hex: :nimble_options, repo: "hexpm", optional: false]}, {:telemetry, "~> 0.4.3 or ~> 1.0", [hex: :telemetry, repo: "hexpm", optional: false]}], "hexpm", "02562445a5af75288648a1cf7fe4ac8cb42acb3626a2339332f57951589fdd7b"},
  "flow": {:hex, :flow, "1.2.0", "515e03aa3d056cecc3e3f1e80f6ca4bbf5f45b13c88dee5db880b2f3f24f1caa", [:mix], [{:gen_stage, "~> 1.0", [hex: :gen_stage, repo: "hexpm", optional: false]}], "hexpm", "1b45bfc8a9202c5ec80b077c21df133561e56c56189ba4082dddccb6b5762525"},
  "gen_stage": {:hex, :gen_stage, "1.1.2", "b1656cd4ba431ed02c5656fe10cb5423820847113a07218da68eae5d6a260c23", [:mix], [], "hexpm", "9e39af23140f704e2b07a3e29d8f05fd21c2aaf4088ff43cb82be4b9e3148d02"},
  "nimble_options": {:hex, :nimble_options, "0.4.0", "c89babbab52221a24b8d1ff9e7d838be70f0d871be823165c94dd3418eea728f", [:mix], [], "hexpm", "e6701c1af326a11eea9634a3b1c62b475339ace9456c1a23ec3bc9a847bca02d"},
  "remix": {:hex, :remix, "0.0.2", "f06115659d8ede8d725fae1708920ef73353a1b39efe6a232d2a38b1f2902109", [:mix], [], "hexpm", "5f5555646ed4fca83fab8620735150aa0bc408c5a17a70d28cfa7086bc6f497c"},
  "telemetry": {:hex, :telemetry, "1.1.0", "a589817034a27eab11144ad24d5c0f9fab1f58173274b1e9bae7074af9cbee51", [:rebar3], [], "hexpm", "b727b2a1f75614774cff2d7565b64d0dfa5bd52ba517f16543e6fc7efcc0df48"},
}
